
Microsoft Visual Studio Solution File, Format Version 12.00
# Visual Studio 15
VisualStudioVersion = 15.0.28307.329
MinimumVisualStudioVersion = 10.0.40219.1
Project("{FAE04EC0-301F-11D3-BF4B-00C04F79EFBC}") = "Ejemplo10", "Ejemplo10\Ejemplo10.csproj", "{188E5F7A-3536-4AC2-A833-73A3448E0745}"
EndProject
Global
	GlobalSection(SolutionConfigurationPlatforms) = preSolution
		Debug|Any CPU = Debug|Any CPU
		Release|Any CPU = Release|Any CPU
	EndGlobalSection
	GlobalSection(ProjectConfigurationPlatforms) = postSolution
		{188E5F7A-3536-4AC2-A833-73A3448E0745}.Debug|Any CPU.ActiveCfg = Debug|Any CPU
		{188E5F7A-3536-4AC2-A833-73A3448E0745}.Debug|Any CPU.Build.0 = Debug|Any CPU
		{188E5F7A-3536-4AC2-A833-73A3448E0745}.Release|Any CPU.ActiveCfg = Release|Any CPU
		{188E5F7A-3536-4AC2-A833-73A3448E0745}.Release|Any CPU.Build.0 = Release|Any CPU
	EndGlobalSection
	GlobalSection(SolutionProperties) = preSolution
		HideSolutionNode = FALSE
	EndGlobalSection
	GlobalSection(ExtensibilityGlobals) = postSolution
		SolutionGuid = {373C12B7-2A6C-42FA-BD9D-A6A40F8123A8}
	EndGlobalSection
EndGlobal
