
Microsoft Visual Studio Solution File, Format Version 12.00
# Visual Studio 15
VisualStudioVersion = 15.0.28307.329
MinimumVisualStudioVersion = 10.0.40219.1
Project("{FAE04EC0-301F-11D3-BF4B-00C04F79EFBC}") = "Tarea42", "Tarea42\Tarea42.csproj", "{1BD552A9-E620-480B-9A38-584A746ECC32}"
EndProject
Global
	GlobalSection(SolutionConfigurationPlatforms) = preSolution
		Debug|Any CPU = Debug|Any CPU
		Release|Any CPU = Release|Any CPU
	EndGlobalSection
	GlobalSection(ProjectConfigurationPlatforms) = postSolution
		{1BD552A9-E620-480B-9A38-584A746ECC32}.Debug|Any CPU.ActiveCfg = Debug|Any CPU
		{1BD552A9-E620-480B-9A38-584A746ECC32}.Debug|Any CPU.Build.0 = Debug|Any CPU
		{1BD552A9-E620-480B-9A38-584A746ECC32}.Release|Any CPU.ActiveCfg = Release|Any CPU
		{1BD552A9-E620-480B-9A38-584A746ECC32}.Release|Any CPU.Build.0 = Release|Any CPU
	EndGlobalSection
	GlobalSection(SolutionProperties) = preSolution
		HideSolutionNode = FALSE
	EndGlobalSection
	GlobalSection(ExtensibilityGlobals) = postSolution
		SolutionGuid = {1606E472-C19E-49BD-A239-F9B155E2C1F0}
	EndGlobalSection
EndGlobal
