
Microsoft Visual Studio Solution File, Format Version 12.00
# Visual Studio 15
VisualStudioVersion = 15.0.28307.329
MinimumVisualStudioVersion = 10.0.40219.1
Project("{FAE04EC0-301F-11D3-BF4B-00C04F79EFBC}") = "Tarea36", "Tarea36\Tarea36.csproj", "{8A2F7A35-3FF5-4931-9309-8CE38F320DAA}"
EndProject
Global
	GlobalSection(SolutionConfigurationPlatforms) = preSolution
		Debug|Any CPU = Debug|Any CPU
		Release|Any CPU = Release|Any CPU
	EndGlobalSection
	GlobalSection(ProjectConfigurationPlatforms) = postSolution
		{8A2F7A35-3FF5-4931-9309-8CE38F320DAA}.Debug|Any CPU.ActiveCfg = Debug|Any CPU
		{8A2F7A35-3FF5-4931-9309-8CE38F320DAA}.Debug|Any CPU.Build.0 = Debug|Any CPU
		{8A2F7A35-3FF5-4931-9309-8CE38F320DAA}.Release|Any CPU.ActiveCfg = Release|Any CPU
		{8A2F7A35-3FF5-4931-9309-8CE38F320DAA}.Release|Any CPU.Build.0 = Release|Any CPU
	EndGlobalSection
	GlobalSection(SolutionProperties) = preSolution
		HideSolutionNode = FALSE
	EndGlobalSection
	GlobalSection(ExtensibilityGlobals) = postSolution
		SolutionGuid = {E6BD4DAD-32F5-4314-A290-3360FFBD3B2B}
	EndGlobalSection
EndGlobal
