
Microsoft Visual Studio Solution File, Format Version 12.00
# Visual Studio 15
VisualStudioVersion = 15.0.28307.329
MinimumVisualStudioVersion = 10.0.40219.1
Project("{FAE04EC0-301F-11D3-BF4B-00C04F79EFBC}") = "Tarea28", "Tarea28\Tarea28.csproj", "{F316FDD2-1045-4B52-A015-56801B1E6557}"
EndProject
Global
	GlobalSection(SolutionConfigurationPlatforms) = preSolution
		Debug|Any CPU = Debug|Any CPU
		Release|Any CPU = Release|Any CPU
	EndGlobalSection
	GlobalSection(ProjectConfigurationPlatforms) = postSolution
		{F316FDD2-1045-4B52-A015-56801B1E6557}.Debug|Any CPU.ActiveCfg = Debug|Any CPU
		{F316FDD2-1045-4B52-A015-56801B1E6557}.Debug|Any CPU.Build.0 = Debug|Any CPU
		{F316FDD2-1045-4B52-A015-56801B1E6557}.Release|Any CPU.ActiveCfg = Release|Any CPU
		{F316FDD2-1045-4B52-A015-56801B1E6557}.Release|Any CPU.Build.0 = Release|Any CPU
	EndGlobalSection
	GlobalSection(SolutionProperties) = preSolution
		HideSolutionNode = FALSE
	EndGlobalSection
	GlobalSection(ExtensibilityGlobals) = postSolution
		SolutionGuid = {995D4C46-1172-4F2F-BC04-C23B169D69F4}
	EndGlobalSection
EndGlobal
