
Microsoft Visual Studio Solution File, Format Version 12.00
# Visual Studio 15
VisualStudioVersion = 15.0.28307.329
MinimumVisualStudioVersion = 10.0.40219.1
Project("{FAE04EC0-301F-11D3-BF4B-00C04F79EFBC}") = "Tarea10", "Tarea10\Tarea10.csproj", "{0E39939E-AACD-463D-A4B0-0A1612653A58}"
EndProject
Global
	GlobalSection(SolutionConfigurationPlatforms) = preSolution
		Debug|Any CPU = Debug|Any CPU
		Release|Any CPU = Release|Any CPU
	EndGlobalSection
	GlobalSection(ProjectConfigurationPlatforms) = postSolution
		{0E39939E-AACD-463D-A4B0-0A1612653A58}.Debug|Any CPU.ActiveCfg = Debug|Any CPU
		{0E39939E-AACD-463D-A4B0-0A1612653A58}.Debug|Any CPU.Build.0 = Debug|Any CPU
		{0E39939E-AACD-463D-A4B0-0A1612653A58}.Release|Any CPU.ActiveCfg = Release|Any CPU
		{0E39939E-AACD-463D-A4B0-0A1612653A58}.Release|Any CPU.Build.0 = Release|Any CPU
	EndGlobalSection
	GlobalSection(SolutionProperties) = preSolution
		HideSolutionNode = FALSE
	EndGlobalSection
	GlobalSection(ExtensibilityGlobals) = postSolution
		SolutionGuid = {5A9BABF3-1201-4DD2-AA01-3B0DB41576B1}
	EndGlobalSection
EndGlobal
