
Microsoft Visual Studio Solution File, Format Version 12.00
# Visual Studio 15
VisualStudioVersion = 15.0.28307.329
MinimumVisualStudioVersion = 10.0.40219.1
Project("{FAE04EC0-301F-11D3-BF4B-00C04F79EFBC}") = "Ejemplo17", "Ejemplo17\Ejemplo17.csproj", "{8032DEF4-8E6D-493D-A4A8-63349C06602B}"
EndProject
Global
	GlobalSection(SolutionConfigurationPlatforms) = preSolution
		Debug|Any CPU = Debug|Any CPU
		Release|Any CPU = Release|Any CPU
	EndGlobalSection
	GlobalSection(ProjectConfigurationPlatforms) = postSolution
		{8032DEF4-8E6D-493D-A4A8-63349C06602B}.Debug|Any CPU.ActiveCfg = Debug|Any CPU
		{8032DEF4-8E6D-493D-A4A8-63349C06602B}.Debug|Any CPU.Build.0 = Debug|Any CPU
		{8032DEF4-8E6D-493D-A4A8-63349C06602B}.Release|Any CPU.ActiveCfg = Release|Any CPU
		{8032DEF4-8E6D-493D-A4A8-63349C06602B}.Release|Any CPU.Build.0 = Release|Any CPU
	EndGlobalSection
	GlobalSection(SolutionProperties) = preSolution
		HideSolutionNode = FALSE
	EndGlobalSection
	GlobalSection(ExtensibilityGlobals) = postSolution
		SolutionGuid = {1ADC7CD9-E7A0-4F95-8502-125EE044E075}
	EndGlobalSection
EndGlobal
