
Microsoft Visual Studio Solution File, Format Version 12.00
# Visual Studio 15
VisualStudioVersion = 15.0.28307.329
MinimumVisualStudioVersion = 10.0.40219.1
Project("{FAE04EC0-301F-11D3-BF4B-00C04F79EFBC}") = "Ejemplo19", "Ejemplo19\Ejemplo19.csproj", "{CECD53B6-C412-4D10-8FD4-B1ADCF59E59C}"
EndProject
Global
	GlobalSection(SolutionConfigurationPlatforms) = preSolution
		Debug|Any CPU = Debug|Any CPU
		Release|Any CPU = Release|Any CPU
	EndGlobalSection
	GlobalSection(ProjectConfigurationPlatforms) = postSolution
		{CECD53B6-C412-4D10-8FD4-B1ADCF59E59C}.Debug|Any CPU.ActiveCfg = Debug|Any CPU
		{CECD53B6-C412-4D10-8FD4-B1ADCF59E59C}.Debug|Any CPU.Build.0 = Debug|Any CPU
		{CECD53B6-C412-4D10-8FD4-B1ADCF59E59C}.Release|Any CPU.ActiveCfg = Release|Any CPU
		{CECD53B6-C412-4D10-8FD4-B1ADCF59E59C}.Release|Any CPU.Build.0 = Release|Any CPU
	EndGlobalSection
	GlobalSection(SolutionProperties) = preSolution
		HideSolutionNode = FALSE
	EndGlobalSection
	GlobalSection(ExtensibilityGlobals) = postSolution
		SolutionGuid = {3B9F42B5-B5D6-4F00-8F8B-A1ED5A72BE91}
	EndGlobalSection
EndGlobal
