
Microsoft Visual Studio Solution File, Format Version 12.00
# Visual Studio 15
VisualStudioVersion = 15.0.28307.329
MinimumVisualStudioVersion = 10.0.40219.1
Project("{FAE04EC0-301F-11D3-BF4B-00C04F79EFBC}") = "Tarea25", "Tarea25\Tarea25.csproj", "{CDDB180A-239C-471A-8DB6-CE6DCB4289A2}"
EndProject
Global
	GlobalSection(SolutionConfigurationPlatforms) = preSolution
		Debug|Any CPU = Debug|Any CPU
		Release|Any CPU = Release|Any CPU
	EndGlobalSection
	GlobalSection(ProjectConfigurationPlatforms) = postSolution
		{CDDB180A-239C-471A-8DB6-CE6DCB4289A2}.Debug|Any CPU.ActiveCfg = Debug|Any CPU
		{CDDB180A-239C-471A-8DB6-CE6DCB4289A2}.Debug|Any CPU.Build.0 = Debug|Any CPU
		{CDDB180A-239C-471A-8DB6-CE6DCB4289A2}.Release|Any CPU.ActiveCfg = Release|Any CPU
		{CDDB180A-239C-471A-8DB6-CE6DCB4289A2}.Release|Any CPU.Build.0 = Release|Any CPU
	EndGlobalSection
	GlobalSection(SolutionProperties) = preSolution
		HideSolutionNode = FALSE
	EndGlobalSection
	GlobalSection(ExtensibilityGlobals) = postSolution
		SolutionGuid = {24C9417E-9660-4662-84BC-AED1239C44F2}
	EndGlobalSection
EndGlobal
