
Microsoft Visual Studio Solution File, Format Version 12.00
# Visual Studio 15
VisualStudioVersion = 15.0.28307.329
MinimumVisualStudioVersion = 10.0.40219.1
Project("{FAE04EC0-301F-11D3-BF4B-00C04F79EFBC}") = "Tarea41", "Tarea41\Tarea41.csproj", "{F0CFB125-D4EB-4DC6-B6DC-D941AC0D0C0E}"
EndProject
Global
	GlobalSection(SolutionConfigurationPlatforms) = preSolution
		Debug|Any CPU = Debug|Any CPU
		Release|Any CPU = Release|Any CPU
	EndGlobalSection
	GlobalSection(ProjectConfigurationPlatforms) = postSolution
		{F0CFB125-D4EB-4DC6-B6DC-D941AC0D0C0E}.Debug|Any CPU.ActiveCfg = Debug|Any CPU
		{F0CFB125-D4EB-4DC6-B6DC-D941AC0D0C0E}.Debug|Any CPU.Build.0 = Debug|Any CPU
		{F0CFB125-D4EB-4DC6-B6DC-D941AC0D0C0E}.Release|Any CPU.ActiveCfg = Release|Any CPU
		{F0CFB125-D4EB-4DC6-B6DC-D941AC0D0C0E}.Release|Any CPU.Build.0 = Release|Any CPU
	EndGlobalSection
	GlobalSection(SolutionProperties) = preSolution
		HideSolutionNode = FALSE
	EndGlobalSection
	GlobalSection(ExtensibilityGlobals) = postSolution
		SolutionGuid = {9E4C9E6D-2885-4C8A-82FA-49ACA8C86D7F}
	EndGlobalSection
EndGlobal
