
Microsoft Visual Studio Solution File, Format Version 12.00
# Visual Studio 15
VisualStudioVersion = 15.0.28307.329
MinimumVisualStudioVersion = 10.0.40219.1
Project("{FAE04EC0-301F-11D3-BF4B-00C04F79EFBC}") = "Tarea22", "Tarea22\Tarea22.csproj", "{62C106B4-2DBD-4C1D-9C26-6153794EC96E}"
EndProject
Global
	GlobalSection(SolutionConfigurationPlatforms) = preSolution
		Debug|Any CPU = Debug|Any CPU
		Release|Any CPU = Release|Any CPU
	EndGlobalSection
	GlobalSection(ProjectConfigurationPlatforms) = postSolution
		{62C106B4-2DBD-4C1D-9C26-6153794EC96E}.Debug|Any CPU.ActiveCfg = Debug|Any CPU
		{62C106B4-2DBD-4C1D-9C26-6153794EC96E}.Debug|Any CPU.Build.0 = Debug|Any CPU
		{62C106B4-2DBD-4C1D-9C26-6153794EC96E}.Release|Any CPU.ActiveCfg = Release|Any CPU
		{62C106B4-2DBD-4C1D-9C26-6153794EC96E}.Release|Any CPU.Build.0 = Release|Any CPU
	EndGlobalSection
	GlobalSection(SolutionProperties) = preSolution
		HideSolutionNode = FALSE
	EndGlobalSection
	GlobalSection(ExtensibilityGlobals) = postSolution
		SolutionGuid = {134B08D5-FC05-45E6-8BC3-CCA83E444DB4}
	EndGlobalSection
EndGlobal
