
Microsoft Visual Studio Solution File, Format Version 12.00
# Visual Studio 15
VisualStudioVersion = 15.0.28307.329
MinimumVisualStudioVersion = 10.0.40219.1
Project("{FAE04EC0-301F-11D3-BF4B-00C04F79EFBC}") = "Tarea40", "Tarea40\Tarea40.csproj", "{C37CD43A-1758-43D3-8C65-1C0F035359F1}"
EndProject
Global
	GlobalSection(SolutionConfigurationPlatforms) = preSolution
		Debug|Any CPU = Debug|Any CPU
		Release|Any CPU = Release|Any CPU
	EndGlobalSection
	GlobalSection(ProjectConfigurationPlatforms) = postSolution
		{C37CD43A-1758-43D3-8C65-1C0F035359F1}.Debug|Any CPU.ActiveCfg = Debug|Any CPU
		{C37CD43A-1758-43D3-8C65-1C0F035359F1}.Debug|Any CPU.Build.0 = Debug|Any CPU
		{C37CD43A-1758-43D3-8C65-1C0F035359F1}.Release|Any CPU.ActiveCfg = Release|Any CPU
		{C37CD43A-1758-43D3-8C65-1C0F035359F1}.Release|Any CPU.Build.0 = Release|Any CPU
	EndGlobalSection
	GlobalSection(SolutionProperties) = preSolution
		HideSolutionNode = FALSE
	EndGlobalSection
	GlobalSection(ExtensibilityGlobals) = postSolution
		SolutionGuid = {51769570-C4D2-4EB6-AD65-ADD2AC70B01F}
	EndGlobalSection
EndGlobal
