
Microsoft Visual Studio Solution File, Format Version 12.00
# Visual Studio 15
VisualStudioVersion = 15.0.28307.329
MinimumVisualStudioVersion = 10.0.40219.1
Project("{FAE04EC0-301F-11D3-BF4B-00C04F79EFBC}") = "Tarea16", "Tarea16\Tarea16.csproj", "{19B74415-29DE-4EEC-A4CC-1123FC4A9739}"
EndProject
Global
	GlobalSection(SolutionConfigurationPlatforms) = preSolution
		Debug|Any CPU = Debug|Any CPU
		Release|Any CPU = Release|Any CPU
	EndGlobalSection
	GlobalSection(ProjectConfigurationPlatforms) = postSolution
		{19B74415-29DE-4EEC-A4CC-1123FC4A9739}.Debug|Any CPU.ActiveCfg = Debug|Any CPU
		{19B74415-29DE-4EEC-A4CC-1123FC4A9739}.Debug|Any CPU.Build.0 = Debug|Any CPU
		{19B74415-29DE-4EEC-A4CC-1123FC4A9739}.Release|Any CPU.ActiveCfg = Release|Any CPU
		{19B74415-29DE-4EEC-A4CC-1123FC4A9739}.Release|Any CPU.Build.0 = Release|Any CPU
	EndGlobalSection
	GlobalSection(SolutionProperties) = preSolution
		HideSolutionNode = FALSE
	EndGlobalSection
	GlobalSection(ExtensibilityGlobals) = postSolution
		SolutionGuid = {817B0F27-8B84-4717-9A1E-86E96E1986FB}
	EndGlobalSection
EndGlobal
