
Microsoft Visual Studio Solution File, Format Version 12.00
# Visual Studio 15
VisualStudioVersion = 15.0.28307.329
MinimumVisualStudioVersion = 10.0.40219.1
Project("{FAE04EC0-301F-11D3-BF4B-00C04F79EFBC}") = "Tarea4", "Tarea4\Tarea4.csproj", "{824DBF36-5D09-4C0D-A28E-1277ECCDE60A}"
EndProject
Global
	GlobalSection(SolutionConfigurationPlatforms) = preSolution
		Debug|Any CPU = Debug|Any CPU
		Release|Any CPU = Release|Any CPU
	EndGlobalSection
	GlobalSection(ProjectConfigurationPlatforms) = postSolution
		{824DBF36-5D09-4C0D-A28E-1277ECCDE60A}.Debug|Any CPU.ActiveCfg = Debug|Any CPU
		{824DBF36-5D09-4C0D-A28E-1277ECCDE60A}.Debug|Any CPU.Build.0 = Debug|Any CPU
		{824DBF36-5D09-4C0D-A28E-1277ECCDE60A}.Release|Any CPU.ActiveCfg = Release|Any CPU
		{824DBF36-5D09-4C0D-A28E-1277ECCDE60A}.Release|Any CPU.Build.0 = Release|Any CPU
	EndGlobalSection
	GlobalSection(SolutionProperties) = preSolution
		HideSolutionNode = FALSE
	EndGlobalSection
	GlobalSection(ExtensibilityGlobals) = postSolution
		SolutionGuid = {A244AF51-6823-4162-9767-39201BA8814A}
	EndGlobalSection
EndGlobal
