
Microsoft Visual Studio Solution File, Format Version 12.00
# Visual Studio 15
VisualStudioVersion = 15.0.28307.329
MinimumVisualStudioVersion = 10.0.40219.1
Project("{FAE04EC0-301F-11D3-BF4B-00C04F79EFBC}") = "Tarea37", "Tarea37\Tarea37.csproj", "{368A960A-ABA6-43F1-81FB-F921CA123901}"
EndProject
Global
	GlobalSection(SolutionConfigurationPlatforms) = preSolution
		Debug|Any CPU = Debug|Any CPU
		Release|Any CPU = Release|Any CPU
	EndGlobalSection
	GlobalSection(ProjectConfigurationPlatforms) = postSolution
		{368A960A-ABA6-43F1-81FB-F921CA123901}.Debug|Any CPU.ActiveCfg = Debug|Any CPU
		{368A960A-ABA6-43F1-81FB-F921CA123901}.Debug|Any CPU.Build.0 = Debug|Any CPU
		{368A960A-ABA6-43F1-81FB-F921CA123901}.Release|Any CPU.ActiveCfg = Release|Any CPU
		{368A960A-ABA6-43F1-81FB-F921CA123901}.Release|Any CPU.Build.0 = Release|Any CPU
	EndGlobalSection
	GlobalSection(SolutionProperties) = preSolution
		HideSolutionNode = FALSE
	EndGlobalSection
	GlobalSection(ExtensibilityGlobals) = postSolution
		SolutionGuid = {527995AF-4A0B-4FCC-9CFA-B7A42607B781}
	EndGlobalSection
EndGlobal
